
Microsoft Visual Studio Solution File, Format Version 12.00
# Visual Studio 15
VisualStudioVersion = 15.0.26403.7
MinimumVisualStudioVersion = 10.0.40219.1
Project("{FAE04EC0-301F-11D3-BF4B-00C04F79EFBC}") = "HomePage", "HomePage\HomePage.csproj", "{148B81BC-F54B-4084-BF0F-D350229CA7CC}"
EndProject
Project("{FAE04EC0-301F-11D3-BF4B-00C04F79EFBC}") = "AdminSite", "AdminSite\AdminSite.csproj", "{D92DA79E-3D6F-4D7A-9F8A-D325A20EB865}"
EndProject
Project("{FAE04EC0-301F-11D3-BF4B-00C04F79EFBC}") = "CommonLib", "CommonLib\CommonLib.csproj", "{0D172DB9-B45E-441F-821F-E1D0A827A488}"
EndProject
Project("{FAE04EC0-301F-11D3-BF4B-00C04F79EFBC}") = "MobileWeb", "MobileWeb\MobileWeb.csproj", "{A9A61A8B-4462-493A-909E-157389CC4B06}"
EndProject
Project("{FAE04EC0-301F-11D3-BF4B-00C04F79EFBC}") = "XWingAgent", "XWingAgent\XWingAgent.csproj", "{18E3090A-6290-4D78-BB5A-E6C65BDA721E}"
EndProject
Global
	GlobalSection(SolutionConfigurationPlatforms) = preSolution
		Debug|Any CPU = Debug|Any CPU
		Debug|Mixed Platforms = Debug|Mixed Platforms
		Debug|x86 = Debug|x86
		Release|Any CPU = Release|Any CPU
		Release|Mixed Platforms = Release|Mixed Platforms
		Release|x86 = Release|x86
	EndGlobalSection
	GlobalSection(ProjectConfigurationPlatforms) = postSolution
		{148B81BC-F54B-4084-BF0F-D350229CA7CC}.Debug|Any CPU.ActiveCfg = Debug|Any CPU
		{148B81BC-F54B-4084-BF0F-D350229CA7CC}.Debug|Any CPU.Build.0 = Debug|Any CPU
		{148B81BC-F54B-4084-BF0F-D350229CA7CC}.Debug|Mixed Platforms.ActiveCfg = Debug|Any CPU
		{148B81BC-F54B-4084-BF0F-D350229CA7CC}.Debug|Mixed Platforms.Build.0 = Debug|Any CPU
		{148B81BC-F54B-4084-BF0F-D350229CA7CC}.Debug|x86.ActiveCfg = Debug|Any CPU
		{148B81BC-F54B-4084-BF0F-D350229CA7CC}.Release|Any CPU.ActiveCfg = Release|Any CPU
		{148B81BC-F54B-4084-BF0F-D350229CA7CC}.Release|Any CPU.Build.0 = Release|Any CPU
		{148B81BC-F54B-4084-BF0F-D350229CA7CC}.Release|Mixed Platforms.ActiveCfg = Release|Any CPU
		{148B81BC-F54B-4084-BF0F-D350229CA7CC}.Release|Mixed Platforms.Build.0 = Release|Any CPU
		{148B81BC-F54B-4084-BF0F-D350229CA7CC}.Release|x86.ActiveCfg = Release|Any CPU
		{D92DA79E-3D6F-4D7A-9F8A-D325A20EB865}.Debug|Any CPU.ActiveCfg = Debug|Any CPU
		{D92DA79E-3D6F-4D7A-9F8A-D325A20EB865}.Debug|Any CPU.Build.0 = Debug|Any CPU
		{D92DA79E-3D6F-4D7A-9F8A-D325A20EB865}.Debug|Mixed Platforms.ActiveCfg = Debug|Any CPU
		{D92DA79E-3D6F-4D7A-9F8A-D325A20EB865}.Debug|Mixed Platforms.Build.0 = Debug|Any CPU
		{D92DA79E-3D6F-4D7A-9F8A-D325A20EB865}.Debug|x86.ActiveCfg = Debug|Any CPU
		{D92DA79E-3D6F-4D7A-9F8A-D325A20EB865}.Release|Any CPU.ActiveCfg = Release|Any CPU
		{D92DA79E-3D6F-4D7A-9F8A-D325A20EB865}.Release|Any CPU.Build.0 = Release|Any CPU
		{D92DA79E-3D6F-4D7A-9F8A-D325A20EB865}.Release|Mixed Platforms.ActiveCfg = Release|Any CPU
		{D92DA79E-3D6F-4D7A-9F8A-D325A20EB865}.Release|Mixed Platforms.Build.0 = Release|Any CPU
		{D92DA79E-3D6F-4D7A-9F8A-D325A20EB865}.Release|x86.ActiveCfg = Release|Any CPU
		{0D172DB9-B45E-441F-821F-E1D0A827A488}.Debug|Any CPU.ActiveCfg = Debug|Any CPU
		{0D172DB9-B45E-441F-821F-E1D0A827A488}.Debug|Any CPU.Build.0 = Debug|Any CPU
		{0D172DB9-B45E-441F-821F-E1D0A827A488}.Debug|Mixed Platforms.ActiveCfg = Debug|Any CPU
		{0D172DB9-B45E-441F-821F-E1D0A827A488}.Debug|Mixed Platforms.Build.0 = Debug|Any CPU
		{0D172DB9-B45E-441F-821F-E1D0A827A488}.Debug|x86.ActiveCfg = Debug|Any CPU
		{0D172DB9-B45E-441F-821F-E1D0A827A488}.Release|Any CPU.ActiveCfg = Release|Any CPU
		{0D172DB9-B45E-441F-821F-E1D0A827A488}.Release|Any CPU.Build.0 = Release|Any CPU
		{0D172DB9-B45E-441F-821F-E1D0A827A488}.Release|Mixed Platforms.ActiveCfg = Release|Any CPU
		{0D172DB9-B45E-441F-821F-E1D0A827A488}.Release|Mixed Platforms.Build.0 = Release|Any CPU
		{0D172DB9-B45E-441F-821F-E1D0A827A488}.Release|x86.ActiveCfg = Release|Any CPU
		{A9A61A8B-4462-493A-909E-157389CC4B06}.Debug|Any CPU.ActiveCfg = Debug|Any CPU
		{A9A61A8B-4462-493A-909E-157389CC4B06}.Debug|Any CPU.Build.0 = Debug|Any CPU
		{A9A61A8B-4462-493A-909E-157389CC4B06}.Debug|Mixed Platforms.ActiveCfg = Debug|Any CPU
		{A9A61A8B-4462-493A-909E-157389CC4B06}.Debug|Mixed Platforms.Build.0 = Debug|Any CPU
		{A9A61A8B-4462-493A-909E-157389CC4B06}.Debug|x86.ActiveCfg = Debug|Any CPU
		{A9A61A8B-4462-493A-909E-157389CC4B06}.Release|Any CPU.ActiveCfg = Release|Any CPU
		{A9A61A8B-4462-493A-909E-157389CC4B06}.Release|Any CPU.Build.0 = Release|Any CPU
		{A9A61A8B-4462-493A-909E-157389CC4B06}.Release|Mixed Platforms.ActiveCfg = Release|Any CPU
		{A9A61A8B-4462-493A-909E-157389CC4B06}.Release|Mixed Platforms.Build.0 = Release|Any CPU
		{A9A61A8B-4462-493A-909E-157389CC4B06}.Release|x86.ActiveCfg = Release|Any CPU
		{18E3090A-6290-4D78-BB5A-E6C65BDA721E}.Debug|Any CPU.ActiveCfg = Debug|x86
		{18E3090A-6290-4D78-BB5A-E6C65BDA721E}.Debug|Mixed Platforms.ActiveCfg = Debug|x86
		{18E3090A-6290-4D78-BB5A-E6C65BDA721E}.Debug|Mixed Platforms.Build.0 = Debug|x86
		{18E3090A-6290-4D78-BB5A-E6C65BDA721E}.Debug|x86.ActiveCfg = Debug|x86
		{18E3090A-6290-4D78-BB5A-E6C65BDA721E}.Debug|x86.Build.0 = Debug|x86
		{18E3090A-6290-4D78-BB5A-E6C65BDA721E}.Release|Any CPU.ActiveCfg = Release|x86
		{18E3090A-6290-4D78-BB5A-E6C65BDA721E}.Release|Mixed Platforms.ActiveCfg = Release|x86
		{18E3090A-6290-4D78-BB5A-E6C65BDA721E}.Release|Mixed Platforms.Build.0 = Release|x86
		{18E3090A-6290-4D78-BB5A-E6C65BDA721E}.Release|x86.ActiveCfg = Release|x86
		{18E3090A-6290-4D78-BB5A-E6C65BDA721E}.Release|x86.Build.0 = Release|x86
	EndGlobalSection
	GlobalSection(SolutionProperties) = preSolution
		HideSolutionNode = FALSE
	EndGlobalSection
	GlobalSection(SubversionScc) = preSolution
		Svn-Managed = True
		Manager = AnkhSVN - Subversion Support for Visual Studio
	EndGlobalSection
EndGlobal
